{
  "name": "@v1d/product-emit",
  "version": "0.1.18",
  "lockfileVersion": 3,
  "requires": true,
  "packages": {
    "": {
      "name": "@v1d/product-emit",
      "version": "0.1.18",
      "license": "UNLICENSED",
      "dependencies": {
        "@v1d/circlekit-assets": "https://circlekit.pages.dev/npm/v1d/circlekit-assets/0.3.43/v1d-circlekit-assets-0.3.43.tgz",
        "@v1d/product-spec": "https://circlekit.pages.dev/npm/v1d/product-spec/0.3.52/v1d-product-spec-0.3.52.tgz",
        "@v1d/skydiving-legos": "https://circlekit.pages.dev/npm/v1d/skydiving-legos/0.1.5/v1d-skydiving-legos-0.1.5.tgz"
      },
      "devDependencies": {
        "@types/node": "^24.3.0",
        "typescript": "^5.9.3"
      },
      "engines": {
        "node": ">=22"
      }
    },
    "node_modules/@types/node": {
      "version": "24.13.3",
      "resolved": "https://registry.npmjs.org/@types/node/-/node-24.13.3.tgz",
      "integrity": "sha512-Dh8vAsV36ig5wa9OX4pXvMc9D3Veibfw2wix0CUwYODLD8nkj9UsLjASr49nPg+2eKzxhBV+v7L8pXvT4e639Q==",
      "dev": true,
      "license": "MIT",
      "dependencies": {
        "undici-types": "~7.18.0"
      }
    },
    "node_modules/@v1d/circlekit-assets": {
      "version": "0.3.43",
      "resolved": "https://circlekit.pages.dev/npm/v1d/circlekit-assets/0.3.43/v1d-circlekit-assets-0.3.43.tgz",
      "integrity": "sha512-u8cjAqq7wm55ATWlzisRjl9ZBGXppd4mu4KCz5Fc96YzKIJmZ4rKax8jv3im3j5r120cRs0w/BVCcURQCTTRzg==",
      "license": "UNLICENSED",
      "engines": {
        "node": ">=22"
      }
    },
    "node_modules/@v1d/product-spec": {
      "version": "0.3.52",
      "resolved": "https://circlekit.pages.dev/npm/v1d/product-spec/0.3.52/v1d-product-spec-0.3.52.tgz",
      "integrity": "sha512-gvXulFuo8pmFt60EfIDpkGy4PBfZuUoDyZjQCGmT4DM/M9FxV95QIHAbIjHzmpjJONd4m3XuvcyWXbth3HDCMw==",
      "license": "UNLICENSED",
      "bin": {
        "v1d-check-pins": "dist/src/pin-check-cli.js"
      },
      "engines": {
        "node": ">=22"
      }
    },
    "node_modules/@v1d/skydiving-legos": {
      "version": "0.1.5",
      "resolved": "https://circlekit.pages.dev/npm/v1d/skydiving-legos/0.1.5/v1d-skydiving-legos-0.1.5.tgz",
      "integrity": "sha512-p/n0fReirqucWkpSjIXBEaJDPoiNmgne42psb92ykpeZDdDng/NNIlKz/YHzm15YWfVVPFe0GjppYGSTZdBaeg==",
      "license": "UNLICENSED",
      "dependencies": {
        "@v1d/product-spec": "https://circlekit.pages.dev/npm/v1d/product-spec/0.3.52/v1d-product-spec-0.3.52.tgz"
      },
      "engines": {
        "node": ">=22"
      }
    },
    "node_modules/typescript": {
      "version": "5.9.3",
      "resolved": "https://registry.npmjs.org/typescript/-/typescript-5.9.3.tgz",
      "integrity": "sha512-jl1vZzPDinLr9eUt3J/t7V6FgNEw9QjvBPdysz9KfQDD41fQrC2Y4vKQdiaUpFT4bXlb1RHhLpp8wtm6M5TgSw==",
      "dev": true,
      "license": "Apache-2.0",
      "bin": {
        "tsc": "bin/tsc",
        "tsserver": "bin/tsserver"
      },
      "engines": {
        "node": ">=14.17"
      }
    },
    "node_modules/undici-types": {
      "version": "7.18.2",
      "resolved": "https://registry.npmjs.org/undici-types/-/undici-types-7.18.2.tgz",
      "integrity": "sha512-AsuCzffGHJybSaRrmr5eHr81mwJU3kjw6M+uprWvCXiNeN9SOGwQ3Jn8jb8m3Z6izVgknn1R0FTCEAP2QrLY/w==",
      "dev": true,
      "license": "MIT"
    }
  }
}
