{
  "name": "@v1d/product-studio",
  "version": "0.1.0",
  "lockfileVersion": 3,
  "requires": true,
  "packages": {
    "": {
      "name": "@v1d/product-studio",
      "version": "0.1.0",
      "dependencies": {
        "@v1d/product-spec": "https://circlekit.pages.dev/npm/v1d/product-spec/0.3.65/v1d-product-spec-0.3.65.tgz",
        "typescript": "5.9.3"
      },
      "engines": {
        "node": ">=22"
      }
    },
    "node_modules/@v1d/product-spec": {
      "version": "0.3.65",
      "resolved": "https://circlekit.pages.dev/npm/v1d/product-spec/0.3.65/v1d-product-spec-0.3.65.tgz",
      "integrity": "sha512-7d7fkTGlv5QNONV8w5Z7En6iojMMOUYgRq21tA4Tbf58AeFfH5B8U37Ul4lVwPW4lrLSsCoG66RXNdNdCQoneg==",
      "license": "UNLICENSED",
      "bin": {
        "v1d-check-pins": "dist/src/pin-check-cli.js"
      },
      "engines": {
        "node": ">=22"
      }
    },
    "node_modules/typescript": {
      "version": "5.9.3",
      "resolved": "https://registry.npmjs.org/typescript/-/typescript-5.9.3.tgz",
      "integrity": "sha512-jl1vZzPDinLr9eUt3J/t7V6FgNEw9QjvBPdysz9KfQDD41fQrC2Y4vKQdiaUpFT4bXlb1RHhLpp8wtm6M5TgSw==",
      "license": "Apache-2.0",
      "bin": {
        "tsc": "bin/tsc",
        "tsserver": "bin/tsserver"
      },
      "engines": {
        "node": ">=14.17"
      }
    }
  }
}
